
Microsoft Visual Studio Solution File, Format Version 12.00
# Visual Studio Version 17
VisualStudioVersion = 17.10.35122.118
MinimumVisualStudioVersion = 10.0.40219.1
Project("{FAE04EC0-301F-11D3-BF4B-00C04F79EFBC}") = "DynaRes", "DynaRes\DynaRes.csproj", "{ECBAF923-59FE-43BF-85D5-DAB0A328BF5D}"
EndProject
Global
	GlobalSection(SolutionConfigurationPlatforms) = preSolution
		Debug|Any CPU = Debug|Any CPU
		Release|Any CPU = Release|Any CPU
	EndGlobalSection
	GlobalSection(ProjectConfigurationPlatforms) = postSolution
		{ECBAF923-59FE-43BF-85D5-DAB0A328BF5D}.Debug|Any CPU.ActiveCfg = Debug|Any CPU
		{ECBAF923-59FE-43BF-85D5-DAB0A328BF5D}.Debug|Any CPU.Build.0 = Debug|Any CPU
		{ECBAF923-59FE-43BF-85D5-DAB0A328BF5D}.Release|Any CPU.ActiveCfg = Release|Any CPU
		{ECBAF923-59FE-43BF-85D5-DAB0A328BF5D}.Release|Any CPU.Build.0 = Release|Any CPU
	EndGlobalSection
	GlobalSection(SolutionProperties) = preSolution
		HideSolutionNode = FALSE
	EndGlobalSection
	GlobalSection(ExtensibilityGlobals) = postSolution
		SolutionGuid = {046F8996-16E6-4E43-9A77-C399DAB7B69B}
	EndGlobalSection
EndGlobal
